
Microsoft Visual Studio Solution File, Format Version 12.00
# Visual Studio Version 17
VisualStudioVersion = 17.7.34024.191
MinimumVisualStudioVersion = 10.0.40219.1
Project("{FAE04EC0-301F-11D3-BF4B-00C04F79EFBC}") = "Mod11Dz", "Mod11Dz\Mod11Dz.csproj", "{1AE94388-2B24-4F44-BB0D-E5883CC33502}"
EndProject
Project("{FAE04EC0-301F-11D3-BF4B-00C04F79EFBC}") = "EmployeeLib", "EmployeeLib\EmployeeLib.csproj", "{FA3365AC-B95D-4D68-B321-C9485F5C0743}"
EndProject
Global
	GlobalSection(SolutionConfigurationPlatforms) = preSolution
		Debug|Any CPU = Debug|Any CPU
		Release|Any CPU = Release|Any CPU
	EndGlobalSection
	GlobalSection(ProjectConfigurationPlatforms) = postSolution
		{1AE94388-2B24-4F44-BB0D-E5883CC33502}.Debug|Any CPU.ActiveCfg = Debug|Any CPU
		{1AE94388-2B24-4F44-BB0D-E5883CC33502}.Debug|Any CPU.Build.0 = Debug|Any CPU
		{1AE94388-2B24-4F44-BB0D-E5883CC33502}.Release|Any CPU.ActiveCfg = Release|Any CPU
		{1AE94388-2B24-4F44-BB0D-E5883CC33502}.Release|Any CPU.Build.0 = Release|Any CPU
		{FA3365AC-B95D-4D68-B321-C9485F5C0743}.Debug|Any CPU.ActiveCfg = Debug|Any CPU
		{FA3365AC-B95D-4D68-B321-C9485F5C0743}.Debug|Any CPU.Build.0 = Debug|Any CPU
		{FA3365AC-B95D-4D68-B321-C9485F5C0743}.Release|Any CPU.ActiveCfg = Release|Any CPU
		{FA3365AC-B95D-4D68-B321-C9485F5C0743}.Release|Any CPU.Build.0 = Release|Any CPU
	EndGlobalSection
	GlobalSection(SolutionProperties) = preSolution
		HideSolutionNode = FALSE
	EndGlobalSection
	GlobalSection(ExtensibilityGlobals) = postSolution
		SolutionGuid = {983963DB-2B50-4FA1-97E9-7CE38420B538}
	EndGlobalSection
EndGlobal
